
Microsoft Visual Studio Solution File, Format Version 12.00
# Visual Studio Version 17
VisualStudioVersion = 17.2.32630.192
MinimumVisualStudioVersion = 10.0.40219.1
Project("{FAE04EC0-301F-11D3-BF4B-00C04F79EFBC}") = "ÜbungAsy", "ÜbungAsy\ÜbungAsy.csproj", "{5883F8D7-43D6-4C05-893C-61BF084F0EA0}"
EndProject
Project("{2150E333-8FDC-42A3-9474-1A3956D46DE8}") = "Projektmappenelemente", "Projektmappenelemente", "{11DC4DF1-1AA6-4E19-B12F-1F02F482FA37}"
EndProject
Global
	GlobalSection(SolutionConfigurationPlatforms) = preSolution
		Debug|Any CPU = Debug|Any CPU
		Release|Any CPU = Release|Any CPU
	EndGlobalSection
	GlobalSection(ProjectConfigurationPlatforms) = postSolution
		{5883F8D7-43D6-4C05-893C-61BF084F0EA0}.Debug|Any CPU.ActiveCfg = Debug|Any CPU
		{5883F8D7-43D6-4C05-893C-61BF084F0EA0}.Debug|Any CPU.Build.0 = Debug|Any CPU
		{5883F8D7-43D6-4C05-893C-61BF084F0EA0}.Release|Any CPU.ActiveCfg = Release|Any CPU
		{5883F8D7-43D6-4C05-893C-61BF084F0EA0}.Release|Any CPU.Build.0 = Release|Any CPU
	EndGlobalSection
	GlobalSection(SolutionProperties) = preSolution
		HideSolutionNode = FALSE
	EndGlobalSection
	GlobalSection(ExtensibilityGlobals) = postSolution
		SolutionGuid = {41013F13-376D-48F9-B694-D9744FA3D736}
	EndGlobalSection
EndGlobal
